
Microsoft Visual Studio Solution File, Format Version 12.00
Project("{FAE04EC0-301F-11D3-BF4B-00C04F79EFBC}") = "AutoMapperMigratorConsole", "AutoMapperMigratorConsole\AutoMapperMigratorConsole.csproj", "{11E9BB60-8035-4744-92DC-781B250827FF}"
EndProject
Global
	GlobalSection(SolutionConfigurationPlatforms) = preSolution
		Debug|Any CPU = Debug|Any CPU
		Release|Any CPU = Release|Any CPU
	EndGlobalSection
	GlobalSection(ProjectConfigurationPlatforms) = postSolution
		{11E9BB60-8035-4744-92DC-781B250827FF}.Debug|Any CPU.ActiveCfg = Debug|Any CPU
		{11E9BB60-8035-4744-92DC-781B250827FF}.Debug|Any CPU.Build.0 = Debug|Any CPU
		{11E9BB60-8035-4744-92DC-781B250827FF}.Release|Any CPU.ActiveCfg = Release|Any CPU
		{11E9BB60-8035-4744-92DC-781B250827FF}.Release|Any CPU.Build.0 = Release|Any CPU
	EndGlobalSection
EndGlobal
